
Microsoft Visual Studio Solution File, Format Version 12.00
# Visual Studio Version 16
VisualStudioVersion = 16.0.29102.190
MinimumVisualStudioVersion = 10.0.40219.1
Project("{9A19103F-16F7-4668-BE54-9A1E7A4F7556}") = "OdeToFood", "OdeToFood.csproj", "{0F1CAED6-3D88-4AB2-A7D5-82D277460E0A}"
EndProject
Project("{9A19103F-16F7-4668-BE54-9A1E7A4F7556}") = "OdeToFood.Core", "..\OdeToFood.Core\OdeToFood.Core.csproj", "{3977F58A-C2D1-434C-A4FA-466F12298FDC}"
EndProject
Project("{FAE04EC0-301F-11D3-BF4B-00C04F79EFBC}") = "OdeToFood.Data", "..\OdeToFood.Data\OdeToFood.Data.csproj", "{39CDCA19-3C36-42E5-B741-114212674B1A}"
EndProject
Global
	GlobalSection(SolutionConfigurationPlatforms) = preSolution
		Debug|Any CPU = Debug|Any CPU
		Release|Any CPU = Release|Any CPU
	EndGlobalSection
	GlobalSection(ProjectConfigurationPlatforms) = postSolution
		{0F1CAED6-3D88-4AB2-A7D5-82D277460E0A}.Debug|Any CPU.ActiveCfg = Debug|Any CPU
		{0F1CAED6-3D88-4AB2-A7D5-82D277460E0A}.Debug|Any CPU.Build.0 = Debug|Any CPU
		{0F1CAED6-3D88-4AB2-A7D5-82D277460E0A}.Release|Any CPU.ActiveCfg = Release|Any CPU
		{0F1CAED6-3D88-4AB2-A7D5-82D277460E0A}.Release|Any CPU.Build.0 = Release|Any CPU
		{3977F58A-C2D1-434C-A4FA-466F12298FDC}.Debug|Any CPU.ActiveCfg = Debug|Any CPU
		{3977F58A-C2D1-434C-A4FA-466F12298FDC}.Debug|Any CPU.Build.0 = Debug|Any CPU
		{3977F58A-C2D1-434C-A4FA-466F12298FDC}.Release|Any CPU.ActiveCfg = Release|Any CPU
		{3977F58A-C2D1-434C-A4FA-466F12298FDC}.Release|Any CPU.Build.0 = Release|Any CPU
		{39CDCA19-3C36-42E5-B741-114212674B1A}.Debug|Any CPU.ActiveCfg = Debug|Any CPU
		{39CDCA19-3C36-42E5-B741-114212674B1A}.Debug|Any CPU.Build.0 = Debug|Any CPU
		{39CDCA19-3C36-42E5-B741-114212674B1A}.Release|Any CPU.ActiveCfg = Release|Any CPU
		{39CDCA19-3C36-42E5-B741-114212674B1A}.Release|Any CPU.Build.0 = Release|Any CPU
	EndGlobalSection
	GlobalSection(SolutionProperties) = preSolution
		HideSolutionNode = FALSE
	EndGlobalSection
	GlobalSection(ExtensibilityGlobals) = postSolution
		SolutionGuid = {450DD348-8B65-4241-87F5-1A8A578AF783}
	EndGlobalSection
EndGlobal
